
Microsoft Visual Studio Solution File, Format Version 12.00
# Visual Studio Version 16
VisualStudioVersion = 16.0.31005.135
MinimumVisualStudioVersion = 10.0.40219.1
Project("{FAE04EC0-301F-11D3-BF4B-00C04F79EFBC}") = "bonoeducativo", "bonoeducativo\bonoeducativo.csproj", "{26906388-4C24-4E69-BD44-EB1B238CE918}"
EndProject
Global
	GlobalSection(SolutionConfigurationPlatforms) = preSolution
		Debug|Any CPU = Debug|Any CPU
		Release|Any CPU = Release|Any CPU
	EndGlobalSection
	GlobalSection(ProjectConfigurationPlatforms) = postSolution
		{26906388-4C24-4E69-BD44-EB1B238CE918}.Debug|Any CPU.ActiveCfg = Debug|Any CPU
		{26906388-4C24-4E69-BD44-EB1B238CE918}.Debug|Any CPU.Build.0 = Debug|Any CPU
		{26906388-4C24-4E69-BD44-EB1B238CE918}.Release|Any CPU.ActiveCfg = Release|Any CPU
		{26906388-4C24-4E69-BD44-EB1B238CE918}.Release|Any CPU.Build.0 = Release|Any CPU
	EndGlobalSection
	GlobalSection(SolutionProperties) = preSolution
		HideSolutionNode = FALSE
	EndGlobalSection
	GlobalSection(ExtensibilityGlobals) = postSolution
		SolutionGuid = {C8752E6F-D000-441D-A45F-A4C4D7F87A2C}
	EndGlobalSection
EndGlobal
